
Microsoft Visual Studio Solution File, Format Version 12.00
# Visual Studio Version 16
VisualStudioVersion = 16.0.30907.101
MinimumVisualStudioVersion = 10.0.40219.1
Project("{FAE04EC0-301F-11D3-BF4B-00C04F79EFBC}") = "Mock_Assessment_1", "Mock_Assessment_1\Mock_Assessment_1.csproj", "{E93D6D19-780A-4BCC-9FCF-9DB6F6A01366}"
EndProject
Global
	GlobalSection(SolutionConfigurationPlatforms) = preSolution
		Debug|Any CPU = Debug|Any CPU
		Release|Any CPU = Release|Any CPU
	EndGlobalSection
	GlobalSection(ProjectConfigurationPlatforms) = postSolution
		{E93D6D19-780A-4BCC-9FCF-9DB6F6A01366}.Debug|Any CPU.ActiveCfg = Debug|Any CPU
		{E93D6D19-780A-4BCC-9FCF-9DB6F6A01366}.Debug|Any CPU.Build.0 = Debug|Any CPU
		{E93D6D19-780A-4BCC-9FCF-9DB6F6A01366}.Release|Any CPU.ActiveCfg = Release|Any CPU
		{E93D6D19-780A-4BCC-9FCF-9DB6F6A01366}.Release|Any CPU.Build.0 = Release|Any CPU
	EndGlobalSection
	GlobalSection(SolutionProperties) = preSolution
		HideSolutionNode = FALSE
	EndGlobalSection
	GlobalSection(ExtensibilityGlobals) = postSolution
		SolutionGuid = {41CBA036-0472-4B09-9465-DCC863DA5228}
	EndGlobalSection
EndGlobal
